
Microsoft Visual Studio Solution File, Format Version 12.00
# Visual Studio Version 17
VisualStudioVersion = 17.0.32014.148
MinimumVisualStudioVersion = 10.0.40219.1
Project("{FAE04EC0-301F-11D3-BF4B-00C04F79EFBC}") = "Day5Demos", "Day5Demos\Day5Demos.csproj", "{CFBECFC9-B441-49B7-9DB5-4CD288A9A79C}"
EndProject
Global
	GlobalSection(SolutionConfigurationPlatforms) = preSolution
		Debug|Any CPU = Debug|Any CPU
		Release|Any CPU = Release|Any CPU
	EndGlobalSection
	GlobalSection(ProjectConfigurationPlatforms) = postSolution
		{CFBECFC9-B441-49B7-9DB5-4CD288A9A79C}.Debug|Any CPU.ActiveCfg = Debug|Any CPU
		{CFBECFC9-B441-49B7-9DB5-4CD288A9A79C}.Debug|Any CPU.Build.0 = Debug|Any CPU
		{CFBECFC9-B441-49B7-9DB5-4CD288A9A79C}.Release|Any CPU.ActiveCfg = Release|Any CPU
		{CFBECFC9-B441-49B7-9DB5-4CD288A9A79C}.Release|Any CPU.Build.0 = Release|Any CPU
	EndGlobalSection
	GlobalSection(SolutionProperties) = preSolution
		HideSolutionNode = FALSE
	EndGlobalSection
	GlobalSection(ExtensibilityGlobals) = postSolution
		SolutionGuid = {69D24F3D-3D18-4365-8844-5386DD48B58B}
	EndGlobalSection
EndGlobal
